{
    "_meta": {
        "hash": {
            "sha256": "32ac51a813d94dceef0f6327e8a20d7a248c084a4a827b1e5982e82c09b26ecd"
        },
        "host-environment-markers": {
            "implementation_name": "cpython",
            "implementation_version": "3.5.2",
            "os_name": "posix",
            "platform_machine": "x86_64",
            "platform_python_implementation": "CPython",
            "platform_release": "4.4.0-130-generic",
            "platform_system": "Linux",
            "platform_version": "#156-Ubuntu SMP Thu Jun 14 08:53:28 UTC 2018",
            "python_full_version": "3.5.2",
            "python_version": "3.5",
            "sys_platform": "linux"
        },
        "pipfile-spec": 6,
        "requires": {
            "python_version": "3.5"
        },
        "sources": [
            {
                "name": "aliyun",
                "url": "http://mirrors.aliyun.com/pypi/simple/",
                "verify_ssl": false
            }
        ]
    },
    "default": {
        "certifi": {
            "hashes": [],
            "version": "==2018.4.16"
        },
        "chardet": {
            "hashes": [],
            "version": "==3.0.4"
        },
        "cssselect": {
            "hashes": [],
            "version": "==1.0.3"
        },
        "idna": {
            "hashes": [],
            "version": "==2.6"
        },
        "kafka-python": {
            "hashes": [],
            "version": "==1.4.3"
        },
        "lxml": {
            "hashes": [],
            "version": "==4.2.3"
        },
        "numpy": {
            "hashes": [],
            "version": "==1.11.1"
        },
        "opencv-python": {
            "hashes": [],
            "version": "==3.1.0"
        },
        "pyexecjs": {
            "hashes": [],
            "version": "==1.5.1"
        },
        "pymongo": {
            "hashes": [],
            "version": "==3.7.1"
        },
        "pyquery": {
            "hashes": [],
            "version": "==1.4.0"
        },
        "requests": {
            "hashes": [],
            "version": "==2.18.4"
        },
        "simplejson": {
            "hashes": [],
            "version": "==3.16.0"
        },
        "six": {
            "hashes": [],
            "version": "==1.11.0"
        },
        "urllib3": {
            "hashes": [],
            "version": "==1.22"
        }
    },
    "develop": {}
}
